
Microsoft Visual Studio Solution File, Format Version 12.00
# Visual Studio Version 17
VisualStudioVersion = 17.14.36623.8
MinimumVisualStudioVersion = 10.0.40219.1
Project("{8BC9CEB8-8B4A-11D0-8D11-00A0C91BC942}") = "array", "array\array.vcxproj", "{2E5ADDB8-1B08-4523-9279-62B831F755B7}"
EndProject
Project("{8BC9CEB8-8B4A-11D0-8D11-00A0C91BC942}") = "struct", "struct\struct.vcxproj", "{180CAC18-E4C7-4022-8CF2-458654899692}"
EndProject
Project("{8BC9CEB8-8B4A-11D0-8D11-00A0C91BC942}") = "pointer", "pointer\pointer.vcxproj", "{7CCBE29C-25BD-4E32-A6EC-A75E5343D43B}"
EndProject
Project("{8BC9CEB8-8B4A-11D0-8D11-00A0C91BC942}") = "pointer2", "pointer2\pointer2.vcxproj", "{F70DE42B-5F6B-494C-AA42-5FBCE35B1668}"
EndProject
Global
	GlobalSection(SolutionConfigurationPlatforms) = preSolution
		Debug|x64 = Debug|x64
		Debug|x86 = Debug|x86
		Release|x64 = Release|x64
		Release|x86 = Release|x86
	EndGlobalSection
	GlobalSection(ProjectConfigurationPlatforms) = postSolution
		{2E5ADDB8-1B08-4523-9279-62B831F755B7}.Debug|x64.ActiveCfg = Debug|x64
		{2E5ADDB8-1B08-4523-9279-62B831F755B7}.Debug|x64.Build.0 = Debug|x64
		{2E5ADDB8-1B08-4523-9279-62B831F755B7}.Debug|x86.ActiveCfg = Debug|Win32
		{2E5ADDB8-1B08-4523-9279-62B831F755B7}.Debug|x86.Build.0 = Debug|Win32
		{2E5ADDB8-1B08-4523-9279-62B831F755B7}.Release|x64.ActiveCfg = Release|x64
		{2E5ADDB8-1B08-4523-9279-62B831F755B7}.Release|x64.Build.0 = Release|x64
		{2E5ADDB8-1B08-4523-9279-62B831F755B7}.Release|x86.ActiveCfg = Release|Win32
		{2E5ADDB8-1B08-4523-9279-62B831F755B7}.Release|x86.Build.0 = Release|Win32
		{180CAC18-E4C7-4022-8CF2-458654899692}.Debug|x64.ActiveCfg = Debug|x64
		{180CAC18-E4C7-4022-8CF2-458654899692}.Debug|x64.Build.0 = Debug|x64
		{180CAC18-E4C7-4022-8CF2-458654899692}.Debug|x86.ActiveCfg = Debug|Win32
		{180CAC18-E4C7-4022-8CF2-458654899692}.Debug|x86.Build.0 = Debug|Win32
		{180CAC18-E4C7-4022-8CF2-458654899692}.Release|x64.ActiveCfg = Release|x64
		{180CAC18-E4C7-4022-8CF2-458654899692}.Release|x64.Build.0 = Release|x64
		{180CAC18-E4C7-4022-8CF2-458654899692}.Release|x86.ActiveCfg = Release|Win32
		{180CAC18-E4C7-4022-8CF2-458654899692}.Release|x86.Build.0 = Release|Win32
		{7CCBE29C-25BD-4E32-A6EC-A75E5343D43B}.Debug|x64.ActiveCfg = Debug|x64
		{7CCBE29C-25BD-4E32-A6EC-A75E5343D43B}.Debug|x64.Build.0 = Debug|x64
		{7CCBE29C-25BD-4E32-A6EC-A75E5343D43B}.Debug|x86.ActiveCfg = Debug|Win32
		{7CCBE29C-25BD-4E32-A6EC-A75E5343D43B}.Debug|x86.Build.0 = Debug|Win32
		{7CCBE29C-25BD-4E32-A6EC-A75E5343D43B}.Release|x64.ActiveCfg = Release|x64
		{7CCBE29C-25BD-4E32-A6EC-A75E5343D43B}.Release|x64.Build.0 = Release|x64
		{7CCBE29C-25BD-4E32-A6EC-A75E5343D43B}.Release|x86.ActiveCfg = Release|Win32
		{7CCBE29C-25BD-4E32-A6EC-A75E5343D43B}.Release|x86.Build.0 = Release|Win32
		{F70DE42B-5F6B-494C-AA42-5FBCE35B1668}.Debug|x64.ActiveCfg = Debug|x64
		{F70DE42B-5F6B-494C-AA42-5FBCE35B1668}.Debug|x64.Build.0 = Debug|x64
		{F70DE42B-5F6B-494C-AA42-5FBCE35B1668}.Debug|x86.ActiveCfg = Debug|Win32
		{F70DE42B-5F6B-494C-AA42-5FBCE35B1668}.Debug|x86.Build.0 = Debug|Win32
		{F70DE42B-5F6B-494C-AA42-5FBCE35B1668}.Release|x64.ActiveCfg = Release|x64
		{F70DE42B-5F6B-494C-AA42-5FBCE35B1668}.Release|x64.Build.0 = Release|x64
		{F70DE42B-5F6B-494C-AA42-5FBCE35B1668}.Release|x86.ActiveCfg = Release|Win32
		{F70DE42B-5F6B-494C-AA42-5FBCE35B1668}.Release|x86.Build.0 = Release|Win32
	EndGlobalSection
	GlobalSection(SolutionProperties) = preSolution
		HideSolutionNode = FALSE
	EndGlobalSection
	GlobalSection(ExtensibilityGlobals) = postSolution
		SolutionGuid = {97856A24-FF32-4F1D-9965-EA2975B4CB8E}
	EndGlobalSection
EndGlobal
