
Microsoft Visual Studio Solution File, Format Version 12.00
# Visual Studio Version 17
VisualStudioVersion = 17.14.36717.8
MinimumVisualStudioVersion = 10.0.40219.1
Project("{8BC9CEB8-8B4A-11D0-8D11-00A0C91BC942}") = "typeconvert", "typeconvert\typeconvert.vcxproj", "{3A6F7BD6-26CE-4E34-A8F5-ED6798D5C26F}"
EndProject
Project("{8BC9CEB8-8B4A-11D0-8D11-00A0C91BC942}") = "gugu1", "gugu1\gugu1.vcxproj", "{7B936314-5FE8-4BB8-8030-E5D5792858CC}"
EndProject
Project("{8BC9CEB8-8B4A-11D0-8D11-00A0C91BC942}") = "gugu2", "gugu2\gugu2.vcxproj", "{F79A4C75-AAA1-42BD-998C-03B4D8112E3C}"
EndProject
Project("{8BC9CEB8-8B4A-11D0-8D11-00A0C91BC942}") = "gugu3", "gugu3\gugu3.vcxproj", "{AC61CAC0-5AA4-4181-A3E8-73CDEF0D2490}"
EndProject
Project("{8BC9CEB8-8B4A-11D0-8D11-00A0C91BC942}") = "gugu4", "gugu4\gugu4.vcxproj", "{F7A91E19-76A4-427C-8ED1-FF8B4C819012}"
EndProject
Project("{8BC9CEB8-8B4A-11D0-8D11-00A0C91BC942}") = "gugu5", "gugu5\gugu5.vcxproj", "{52B30372-99FB-49D7-9569-308BA833923A}"
EndProject
Project("{8BC9CEB8-8B4A-11D0-8D11-00A0C91BC942}") = "gugu6", "gugu6\gugu6.vcxproj", "{865E513D-FA8B-4C41-9B50-301C59E9837A}"
EndProject
Global
	GlobalSection(SolutionConfigurationPlatforms) = preSolution
		Debug|x64 = Debug|x64
		Debug|x86 = Debug|x86
		Release|x64 = Release|x64
		Release|x86 = Release|x86
	EndGlobalSection
	GlobalSection(ProjectConfigurationPlatforms) = postSolution
		{3A6F7BD6-26CE-4E34-A8F5-ED6798D5C26F}.Debug|x64.ActiveCfg = Debug|x64
		{3A6F7BD6-26CE-4E34-A8F5-ED6798D5C26F}.Debug|x64.Build.0 = Debug|x64
		{3A6F7BD6-26CE-4E34-A8F5-ED6798D5C26F}.Debug|x86.ActiveCfg = Debug|Win32
		{3A6F7BD6-26CE-4E34-A8F5-ED6798D5C26F}.Debug|x86.Build.0 = Debug|Win32
		{3A6F7BD6-26CE-4E34-A8F5-ED6798D5C26F}.Release|x64.ActiveCfg = Release|x64
		{3A6F7BD6-26CE-4E34-A8F5-ED6798D5C26F}.Release|x64.Build.0 = Release|x64
		{3A6F7BD6-26CE-4E34-A8F5-ED6798D5C26F}.Release|x86.ActiveCfg = Release|Win32
		{3A6F7BD6-26CE-4E34-A8F5-ED6798D5C26F}.Release|x86.Build.0 = Release|Win32
		{7B936314-5FE8-4BB8-8030-E5D5792858CC}.Debug|x64.ActiveCfg = Debug|x64
		{7B936314-5FE8-4BB8-8030-E5D5792858CC}.Debug|x64.Build.0 = Debug|x64
		{7B936314-5FE8-4BB8-8030-E5D5792858CC}.Debug|x86.ActiveCfg = Debug|Win32
		{7B936314-5FE8-4BB8-8030-E5D5792858CC}.Debug|x86.Build.0 = Debug|Win32
		{7B936314-5FE8-4BB8-8030-E5D5792858CC}.Release|x64.ActiveCfg = Release|x64
		{7B936314-5FE8-4BB8-8030-E5D5792858CC}.Release|x64.Build.0 = Release|x64
		{7B936314-5FE8-4BB8-8030-E5D5792858CC}.Release|x86.ActiveCfg = Release|Win32
		{7B936314-5FE8-4BB8-8030-E5D5792858CC}.Release|x86.Build.0 = Release|Win32
		{F79A4C75-AAA1-42BD-998C-03B4D8112E3C}.Debug|x64.ActiveCfg = Debug|x64
		{F79A4C75-AAA1-42BD-998C-03B4D8112E3C}.Debug|x64.Build.0 = Debug|x64
		{F79A4C75-AAA1-42BD-998C-03B4D8112E3C}.Debug|x86.ActiveCfg = Debug|Win32
		{F79A4C75-AAA1-42BD-998C-03B4D8112E3C}.Debug|x86.Build.0 = Debug|Win32
		{F79A4C75-AAA1-42BD-998C-03B4D8112E3C}.Release|x64.ActiveCfg = Release|x64
		{F79A4C75-AAA1-42BD-998C-03B4D8112E3C}.Release|x64.Build.0 = Release|x64
		{F79A4C75-AAA1-42BD-998C-03B4D8112E3C}.Release|x86.ActiveCfg = Release|Win32
		{F79A4C75-AAA1-42BD-998C-03B4D8112E3C}.Release|x86.Build.0 = Release|Win32
		{AC61CAC0-5AA4-4181-A3E8-73CDEF0D2490}.Debug|x64.ActiveCfg = Debug|x64
		{AC61CAC0-5AA4-4181-A3E8-73CDEF0D2490}.Debug|x64.Build.0 = Debug|x64
		{AC61CAC0-5AA4-4181-A3E8-73CDEF0D2490}.Debug|x86.ActiveCfg = Debug|Win32
		{AC61CAC0-5AA4-4181-A3E8-73CDEF0D2490}.Debug|x86.Build.0 = Debug|Win32
		{AC61CAC0-5AA4-4181-A3E8-73CDEF0D2490}.Release|x64.ActiveCfg = Release|x64
		{AC61CAC0-5AA4-4181-A3E8-73CDEF0D2490}.Release|x64.Build.0 = Release|x64
		{AC61CAC0-5AA4-4181-A3E8-73CDEF0D2490}.Release|x86.ActiveCfg = Release|Win32
		{AC61CAC0-5AA4-4181-A3E8-73CDEF0D2490}.Release|x86.Build.0 = Release|Win32
		{F7A91E19-76A4-427C-8ED1-FF8B4C819012}.Debug|x64.ActiveCfg = Debug|x64
		{F7A91E19-76A4-427C-8ED1-FF8B4C819012}.Debug|x64.Build.0 = Debug|x64
		{F7A91E19-76A4-427C-8ED1-FF8B4C819012}.Debug|x86.ActiveCfg = Debug|Win32
		{F7A91E19-76A4-427C-8ED1-FF8B4C819012}.Debug|x86.Build.0 = Debug|Win32
		{F7A91E19-76A4-427C-8ED1-FF8B4C819012}.Release|x64.ActiveCfg = Release|x64
		{F7A91E19-76A4-427C-8ED1-FF8B4C819012}.Release|x64.Build.0 = Release|x64
		{F7A91E19-76A4-427C-8ED1-FF8B4C819012}.Release|x86.ActiveCfg = Release|Win32
		{F7A91E19-76A4-427C-8ED1-FF8B4C819012}.Release|x86.Build.0 = Release|Win32
		{52B30372-99FB-49D7-9569-308BA833923A}.Debug|x64.ActiveCfg = Debug|x64
		{52B30372-99FB-49D7-9569-308BA833923A}.Debug|x64.Build.0 = Debug|x64
		{52B30372-99FB-49D7-9569-308BA833923A}.Debug|x86.ActiveCfg = Debug|Win32
		{52B30372-99FB-49D7-9569-308BA833923A}.Debug|x86.Build.0 = Debug|Win32
		{52B30372-99FB-49D7-9569-308BA833923A}.Release|x64.ActiveCfg = Release|x64
		{52B30372-99FB-49D7-9569-308BA833923A}.Release|x64.Build.0 = Release|x64
		{52B30372-99FB-49D7-9569-308BA833923A}.Release|x86.ActiveCfg = Release|Win32
		{52B30372-99FB-49D7-9569-308BA833923A}.Release|x86.Build.0 = Release|Win32
		{865E513D-FA8B-4C41-9B50-301C59E9837A}.Debug|x64.ActiveCfg = Debug|x64
		{865E513D-FA8B-4C41-9B50-301C59E9837A}.Debug|x64.Build.0 = Debug|x64
		{865E513D-FA8B-4C41-9B50-301C59E9837A}.Debug|x86.ActiveCfg = Debug|Win32
		{865E513D-FA8B-4C41-9B50-301C59E9837A}.Debug|x86.Build.0 = Debug|Win32
		{865E513D-FA8B-4C41-9B50-301C59E9837A}.Release|x64.ActiveCfg = Release|x64
		{865E513D-FA8B-4C41-9B50-301C59E9837A}.Release|x64.Build.0 = Release|x64
		{865E513D-FA8B-4C41-9B50-301C59E9837A}.Release|x86.ActiveCfg = Release|Win32
		{865E513D-FA8B-4C41-9B50-301C59E9837A}.Release|x86.Build.0 = Release|Win32
	EndGlobalSection
	GlobalSection(SolutionProperties) = preSolution
		HideSolutionNode = FALSE
	EndGlobalSection
	GlobalSection(ExtensibilityGlobals) = postSolution
		SolutionGuid = {C3B922E8-6419-406A-80C9-79972695EF97}
	EndGlobalSection
EndGlobal
