
Microsoft Visual Studio Solution File, Format Version 12.00
# Visual Studio Version 17
VisualStudioVersion = 17.14.36717.8
MinimumVisualStudioVersion = 10.0.40219.1
Project("{8BC9CEB8-8B4A-11D0-8D11-00A0C91BC942}") = "switch", "switch\switch.vcxproj", "{1F5B0811-D276-478E-91BB-B49C086265BD}"
EndProject
Project("{8BC9CEB8-8B4A-11D0-8D11-00A0C91BC942}") = "movesharp", "movesharp\movesharp.vcxproj", "{3B25FFB9-B3EF-49D2-B989-DE541D7B7C31}"
EndProject
Project("{8BC9CEB8-8B4A-11D0-8D11-00A0C91BC942}") = "scancode", "scancode\scancode.vcxproj", "{2577C0B1-4EAC-4C53-AE64-04EE9E36B728}"
EndProject
Project("{8BC9CEB8-8B4A-11D0-8D11-00A0C91BC942}") = "switchcalc", "switchcalc\switchcalc.vcxproj", "{74E1875C-31CA-4FF7-8B38-31643237465B}"
EndProject
Project("{8BC9CEB8-8B4A-11D0-8D11-00A0C91BC942}") = "switchscore", "switchscore\switchscore.vcxproj", "{4ABA79B4-96DB-47F3-A86E-091B8ED4A280}"
EndProject
Global
	GlobalSection(SolutionConfigurationPlatforms) = preSolution
		Debug|x64 = Debug|x64
		Debug|x86 = Debug|x86
		Release|x64 = Release|x64
		Release|x86 = Release|x86
	EndGlobalSection
	GlobalSection(ProjectConfigurationPlatforms) = postSolution
		{1F5B0811-D276-478E-91BB-B49C086265BD}.Debug|x64.ActiveCfg = Debug|x64
		{1F5B0811-D276-478E-91BB-B49C086265BD}.Debug|x64.Build.0 = Debug|x64
		{1F5B0811-D276-478E-91BB-B49C086265BD}.Debug|x86.ActiveCfg = Debug|Win32
		{1F5B0811-D276-478E-91BB-B49C086265BD}.Debug|x86.Build.0 = Debug|Win32
		{1F5B0811-D276-478E-91BB-B49C086265BD}.Release|x64.ActiveCfg = Release|x64
		{1F5B0811-D276-478E-91BB-B49C086265BD}.Release|x64.Build.0 = Release|x64
		{1F5B0811-D276-478E-91BB-B49C086265BD}.Release|x86.ActiveCfg = Release|Win32
		{1F5B0811-D276-478E-91BB-B49C086265BD}.Release|x86.Build.0 = Release|Win32
		{3B25FFB9-B3EF-49D2-B989-DE541D7B7C31}.Debug|x64.ActiveCfg = Debug|x64
		{3B25FFB9-B3EF-49D2-B989-DE541D7B7C31}.Debug|x64.Build.0 = Debug|x64
		{3B25FFB9-B3EF-49D2-B989-DE541D7B7C31}.Debug|x86.ActiveCfg = Debug|Win32
		{3B25FFB9-B3EF-49D2-B989-DE541D7B7C31}.Debug|x86.Build.0 = Debug|Win32
		{3B25FFB9-B3EF-49D2-B989-DE541D7B7C31}.Release|x64.ActiveCfg = Release|x64
		{3B25FFB9-B3EF-49D2-B989-DE541D7B7C31}.Release|x64.Build.0 = Release|x64
		{3B25FFB9-B3EF-49D2-B989-DE541D7B7C31}.Release|x86.ActiveCfg = Release|Win32
		{3B25FFB9-B3EF-49D2-B989-DE541D7B7C31}.Release|x86.Build.0 = Release|Win32
		{2577C0B1-4EAC-4C53-AE64-04EE9E36B728}.Debug|x64.ActiveCfg = Debug|x64
		{2577C0B1-4EAC-4C53-AE64-04EE9E36B728}.Debug|x64.Build.0 = Debug|x64
		{2577C0B1-4EAC-4C53-AE64-04EE9E36B728}.Debug|x86.ActiveCfg = Debug|Win32
		{2577C0B1-4EAC-4C53-AE64-04EE9E36B728}.Debug|x86.Build.0 = Debug|Win32
		{2577C0B1-4EAC-4C53-AE64-04EE9E36B728}.Release|x64.ActiveCfg = Release|x64
		{2577C0B1-4EAC-4C53-AE64-04EE9E36B728}.Release|x64.Build.0 = Release|x64
		{2577C0B1-4EAC-4C53-AE64-04EE9E36B728}.Release|x86.ActiveCfg = Release|Win32
		{2577C0B1-4EAC-4C53-AE64-04EE9E36B728}.Release|x86.Build.0 = Release|Win32
		{74E1875C-31CA-4FF7-8B38-31643237465B}.Debug|x64.ActiveCfg = Debug|x64
		{74E1875C-31CA-4FF7-8B38-31643237465B}.Debug|x64.Build.0 = Debug|x64
		{74E1875C-31CA-4FF7-8B38-31643237465B}.Debug|x86.ActiveCfg = Debug|Win32
		{74E1875C-31CA-4FF7-8B38-31643237465B}.Debug|x86.Build.0 = Debug|Win32
		{74E1875C-31CA-4FF7-8B38-31643237465B}.Release|x64.ActiveCfg = Release|x64
		{74E1875C-31CA-4FF7-8B38-31643237465B}.Release|x64.Build.0 = Release|x64
		{74E1875C-31CA-4FF7-8B38-31643237465B}.Release|x86.ActiveCfg = Release|Win32
		{74E1875C-31CA-4FF7-8B38-31643237465B}.Release|x86.Build.0 = Release|Win32
		{4ABA79B4-96DB-47F3-A86E-091B8ED4A280}.Debug|x64.ActiveCfg = Debug|x64
		{4ABA79B4-96DB-47F3-A86E-091B8ED4A280}.Debug|x64.Build.0 = Debug|x64
		{4ABA79B4-96DB-47F3-A86E-091B8ED4A280}.Debug|x86.ActiveCfg = Debug|Win32
		{4ABA79B4-96DB-47F3-A86E-091B8ED4A280}.Debug|x86.Build.0 = Debug|Win32
		{4ABA79B4-96DB-47F3-A86E-091B8ED4A280}.Release|x64.ActiveCfg = Release|x64
		{4ABA79B4-96DB-47F3-A86E-091B8ED4A280}.Release|x64.Build.0 = Release|x64
		{4ABA79B4-96DB-47F3-A86E-091B8ED4A280}.Release|x86.ActiveCfg = Release|Win32
		{4ABA79B4-96DB-47F3-A86E-091B8ED4A280}.Release|x86.Build.0 = Release|Win32
	EndGlobalSection
	GlobalSection(SolutionProperties) = preSolution
		HideSolutionNode = FALSE
	EndGlobalSection
	GlobalSection(ExtensibilityGlobals) = postSolution
		SolutionGuid = {8F8E0298-E5D0-461A-B915-01B2CB06EC9B}
	EndGlobalSection
EndGlobal
